
Microsoft Visual Studio Solution File, Format Version 12.00
# Visual Studio 15
VisualStudioVersion = 15.0.28307.902
MinimumVisualStudioVersion = 10.0.40219.1
Project("{FAE04EC0-301F-11D3-BF4B-00C04F79EFBC}") = "Ch10_XAMLMarkupExt.Android", "Ch10_XAMLMarkupExt\Ch10_XAMLMarkupExt.Android\Ch10_XAMLMarkupExt.Android.csproj", "{54A3287E-04A9-45F4-B184-68885E3F6F93}"
EndProject
Project("{FAE04EC0-301F-11D3-BF4B-00C04F79EFBC}") = "Ch10_XAMLMarkupExt.UWP", "Ch10_XAMLMarkupExt\Ch10_XAMLMarkupExt.UWP\Ch10_XAMLMarkupExt.UWP.csproj", "{C10EFFA7-9EF5-49CB-A61D-6A0EF637DB0D}"
EndProject
Project("{FAE04EC0-301F-11D3-BF4B-00C04F79EFBC}") = "Ch10_XAMLMarkupExt", "Ch10_XAMLMarkupExt\Ch10_XAMLMarkupExt\Ch10_XAMLMarkupExt.csproj", "{DC8A0361-F267-47B0-ADAB-5F11695BA979}"
EndProject
Global
	GlobalSection(SolutionConfigurationPlatforms) = preSolution
		Debug|Any CPU = Debug|Any CPU
		Debug|ARM = Debug|ARM
		Debug|x64 = Debug|x64
		Debug|x86 = Debug|x86
		Release|Any CPU = Release|Any CPU
		Release|ARM = Release|ARM
		Release|x64 = Release|x64
		Release|x86 = Release|x86
	EndGlobalSection
	GlobalSection(ProjectConfigurationPlatforms) = postSolution
		{54A3287E-04A9-45F4-B184-68885E3F6F93}.Debug|Any CPU.ActiveCfg = Debug|Any CPU
		{54A3287E-04A9-45F4-B184-68885E3F6F93}.Debug|Any CPU.Build.0 = Debug|Any CPU
		{54A3287E-04A9-45F4-B184-68885E3F6F93}.Debug|Any CPU.Deploy.0 = Debug|Any CPU
		{54A3287E-04A9-45F4-B184-68885E3F6F93}.Debug|ARM.ActiveCfg = Debug|Any CPU
		{54A3287E-04A9-45F4-B184-68885E3F6F93}.Debug|ARM.Build.0 = Debug|Any CPU
		{54A3287E-04A9-45F4-B184-68885E3F6F93}.Debug|ARM.Deploy.0 = Debug|Any CPU
		{54A3287E-04A9-45F4-B184-68885E3F6F93}.Debug|x64.ActiveCfg = Debug|Any CPU
		{54A3287E-04A9-45F4-B184-68885E3F6F93}.Debug|x64.Build.0 = Debug|Any CPU
		{54A3287E-04A9-45F4-B184-68885E3F6F93}.Debug|x64.Deploy.0 = Debug|Any CPU
		{54A3287E-04A9-45F4-B184-68885E3F6F93}.Debug|x86.ActiveCfg = Debug|Any CPU
		{54A3287E-04A9-45F4-B184-68885E3F6F93}.Debug|x86.Build.0 = Debug|Any CPU
		{54A3287E-04A9-45F4-B184-68885E3F6F93}.Debug|x86.Deploy.0 = Debug|Any CPU
		{54A3287E-04A9-45F4-B184-68885E3F6F93}.Release|Any CPU.ActiveCfg = Release|Any CPU
		{54A3287E-04A9-45F4-B184-68885E3F6F93}.Release|Any CPU.Build.0 = Release|Any CPU
		{54A3287E-04A9-45F4-B184-68885E3F6F93}.Release|Any CPU.Deploy.0 = Release|Any CPU
		{54A3287E-04A9-45F4-B184-68885E3F6F93}.Release|ARM.ActiveCfg = Release|Any CPU
		{54A3287E-04A9-45F4-B184-68885E3F6F93}.Release|ARM.Build.0 = Release|Any CPU
		{54A3287E-04A9-45F4-B184-68885E3F6F93}.Release|ARM.Deploy.0 = Release|Any CPU
		{54A3287E-04A9-45F4-B184-68885E3F6F93}.Release|x64.ActiveCfg = Release|Any CPU
		{54A3287E-04A9-45F4-B184-68885E3F6F93}.Release|x64.Build.0 = Release|Any CPU
		{54A3287E-04A9-45F4-B184-68885E3F6F93}.Release|x64.Deploy.0 = Release|Any CPU
		{54A3287E-04A9-45F4-B184-68885E3F6F93}.Release|x86.ActiveCfg = Release|Any CPU
		{54A3287E-04A9-45F4-B184-68885E3F6F93}.Release|x86.Build.0 = Release|Any CPU
		{54A3287E-04A9-45F4-B184-68885E3F6F93}.Release|x86.Deploy.0 = Release|Any CPU
		{C10EFFA7-9EF5-49CB-A61D-6A0EF637DB0D}.Debug|Any CPU.ActiveCfg = Debug|x86
		{C10EFFA7-9EF5-49CB-A61D-6A0EF637DB0D}.Debug|Any CPU.Build.0 = Debug|x86
		{C10EFFA7-9EF5-49CB-A61D-6A0EF637DB0D}.Debug|Any CPU.Deploy.0 = Debug|x86
		{C10EFFA7-9EF5-49CB-A61D-6A0EF637DB0D}.Debug|ARM.ActiveCfg = Debug|ARM
		{C10EFFA7-9EF5-49CB-A61D-6A0EF637DB0D}.Debug|ARM.Build.0 = Debug|ARM
		{C10EFFA7-9EF5-49CB-A61D-6A0EF637DB0D}.Debug|ARM.Deploy.0 = Debug|ARM
		{C10EFFA7-9EF5-49CB-A61D-6A0EF637DB0D}.Debug|x64.ActiveCfg = Debug|x64
		{C10EFFA7-9EF5-49CB-A61D-6A0EF637DB0D}.Debug|x64.Build.0 = Debug|x64
		{C10EFFA7-9EF5-49CB-A61D-6A0EF637DB0D}.Debug|x64.Deploy.0 = Debug|x64
		{C10EFFA7-9EF5-49CB-A61D-6A0EF637DB0D}.Debug|x86.ActiveCfg = Debug|x86
		{C10EFFA7-9EF5-49CB-A61D-6A0EF637DB0D}.Debug|x86.Build.0 = Debug|x86
		{C10EFFA7-9EF5-49CB-A61D-6A0EF637DB0D}.Debug|x86.Deploy.0 = Debug|x86
		{C10EFFA7-9EF5-49CB-A61D-6A0EF637DB0D}.Release|Any CPU.ActiveCfg = Release|x86
		{C10EFFA7-9EF5-49CB-A61D-6A0EF637DB0D}.Release|Any CPU.Build.0 = Release|x86
		{C10EFFA7-9EF5-49CB-A61D-6A0EF637DB0D}.Release|Any CPU.Deploy.0 = Release|x86
		{C10EFFA7-9EF5-49CB-A61D-6A0EF637DB0D}.Release|ARM.ActiveCfg = Release|ARM
		{C10EFFA7-9EF5-49CB-A61D-6A0EF637DB0D}.Release|ARM.Build.0 = Release|ARM
		{C10EFFA7-9EF5-49CB-A61D-6A0EF637DB0D}.Release|ARM.Deploy.0 = Release|ARM
		{C10EFFA7-9EF5-49CB-A61D-6A0EF637DB0D}.Release|x64.ActiveCfg = Release|x64
		{C10EFFA7-9EF5-49CB-A61D-6A0EF637DB0D}.Release|x64.Build.0 = Release|x64
		{C10EFFA7-9EF5-49CB-A61D-6A0EF637DB0D}.Release|x64.Deploy.0 = Release|x64
		{C10EFFA7-9EF5-49CB-A61D-6A0EF637DB0D}.Release|x86.ActiveCfg = Release|x86
		{C10EFFA7-9EF5-49CB-A61D-6A0EF637DB0D}.Release|x86.Build.0 = Release|x86
		{C10EFFA7-9EF5-49CB-A61D-6A0EF637DB0D}.Release|x86.Deploy.0 = Release|x86
		{DC8A0361-F267-47B0-ADAB-5F11695BA979}.Debug|Any CPU.ActiveCfg = Debug|Any CPU
		{DC8A0361-F267-47B0-ADAB-5F11695BA979}.Debug|Any CPU.Build.0 = Debug|Any CPU
		{DC8A0361-F267-47B0-ADAB-5F11695BA979}.Debug|Any CPU.Deploy.0 = Debug|Any CPU
		{DC8A0361-F267-47B0-ADAB-5F11695BA979}.Debug|ARM.ActiveCfg = Debug|Any CPU
		{DC8A0361-F267-47B0-ADAB-5F11695BA979}.Debug|ARM.Build.0 = Debug|Any CPU
		{DC8A0361-F267-47B0-ADAB-5F11695BA979}.Debug|ARM.Deploy.0 = Debug|Any CPU
		{DC8A0361-F267-47B0-ADAB-5F11695BA979}.Debug|x64.ActiveCfg = Debug|Any CPU
		{DC8A0361-F267-47B0-ADAB-5F11695BA979}.Debug|x64.Build.0 = Debug|Any CPU
		{DC8A0361-F267-47B0-ADAB-5F11695BA979}.Debug|x64.Deploy.0 = Debug|Any CPU
		{DC8A0361-F267-47B0-ADAB-5F11695BA979}.Debug|x86.ActiveCfg = Debug|Any CPU
		{DC8A0361-F267-47B0-ADAB-5F11695BA979}.Debug|x86.Build.0 = Debug|Any CPU
		{DC8A0361-F267-47B0-ADAB-5F11695BA979}.Debug|x86.Deploy.0 = Debug|Any CPU
		{DC8A0361-F267-47B0-ADAB-5F11695BA979}.Release|Any CPU.ActiveCfg = Release|Any CPU
		{DC8A0361-F267-47B0-ADAB-5F11695BA979}.Release|Any CPU.Build.0 = Release|Any CPU
		{DC8A0361-F267-47B0-ADAB-5F11695BA979}.Release|Any CPU.Deploy.0 = Release|Any CPU
		{DC8A0361-F267-47B0-ADAB-5F11695BA979}.Release|ARM.ActiveCfg = Release|Any CPU
		{DC8A0361-F267-47B0-ADAB-5F11695BA979}.Release|ARM.Build.0 = Release|Any CPU
		{DC8A0361-F267-47B0-ADAB-5F11695BA979}.Release|ARM.Deploy.0 = Release|Any CPU
		{DC8A0361-F267-47B0-ADAB-5F11695BA979}.Release|x64.ActiveCfg = Release|Any CPU
		{DC8A0361-F267-47B0-ADAB-5F11695BA979}.Release|x64.Build.0 = Release|Any CPU
		{DC8A0361-F267-47B0-ADAB-5F11695BA979}.Release|x64.Deploy.0 = Release|Any CPU
		{DC8A0361-F267-47B0-ADAB-5F11695BA979}.Release|x86.ActiveCfg = Release|Any CPU
		{DC8A0361-F267-47B0-ADAB-5F11695BA979}.Release|x86.Build.0 = Release|Any CPU
		{DC8A0361-F267-47B0-ADAB-5F11695BA979}.Release|x86.Deploy.0 = Release|Any CPU
	EndGlobalSection
	GlobalSection(SolutionProperties) = preSolution
		HideSolutionNode = FALSE
	EndGlobalSection
	GlobalSection(ExtensibilityGlobals) = postSolution
		SolutionGuid = {7E056BE5-2DB6-4B8A-AFDF-464D6B748676}
	EndGlobalSection
EndGlobal
